
Microsoft Visual Studio Solution File, Format Version 12.00
# Visual Studio 15
VisualStudioVersion = 15.0.28010.0
MinimumVisualStudioVersion = 10.0.40219.1
Project("{FAE04EC0-301F-11D3-BF4B-00C04F79EFBC}") = "FavoriteThings", "FavoriteThings\FavoriteThings.csproj", "{20B79120-3A42-488A-8FE2-DFAB6ED83FCF}"
EndProject
Global
	GlobalSection(SolutionConfigurationPlatforms) = preSolution
		Debug|Any CPU = Debug|Any CPU
		Release|Any CPU = Release|Any CPU
	EndGlobalSection
	GlobalSection(ProjectConfigurationPlatforms) = postSolution
		{20B79120-3A42-488A-8FE2-DFAB6ED83FCF}.Debug|Any CPU.ActiveCfg = Debug|Any CPU
		{20B79120-3A42-488A-8FE2-DFAB6ED83FCF}.Debug|Any CPU.Build.0 = Debug|Any CPU
		{20B79120-3A42-488A-8FE2-DFAB6ED83FCF}.Release|Any CPU.ActiveCfg = Release|Any CPU
		{20B79120-3A42-488A-8FE2-DFAB6ED83FCF}.Release|Any CPU.Build.0 = Release|Any CPU
	EndGlobalSection
	GlobalSection(SolutionProperties) = preSolution
		HideSolutionNode = FALSE
	EndGlobalSection
	GlobalSection(ExtensibilityGlobals) = postSolution
		SolutionGuid = {786C18B8-B107-49A7-8157-A68BC1C8694C}
	EndGlobalSection
EndGlobal
